{
  "nodes": {
    "flake-utils": {
      "inputs": {
        "systems": "systems"
      },
      "locked": {
        "lastModified": 1731533236,
        "narHash": "sha256-l0KFg5HjrsfsO/JpG+r7fRrqm12kzFHyUHqHCVpMMbI=",
        "owner": "numtide",
        "repo": "flake-utils",
        "rev": "11707dc2f618dd54ca8739b309ec4fc024de578b",
        "type": "github"
      },
      "original": {
        "owner": "numtide",
        "repo": "flake-utils",
        "type": "github"
      }
    },
    "home-manager": {
      "inputs": {
        "nixpkgs": [
          "nixpkgs"
        ]
      },
      "locked": {
        "lastModified": 1770915843,
        "narHash": "sha256-ZwU5wXKNqpOQvjNz6aBp1j5peiBZow1++6pLnk5VAhs=",
        "owner": "nix-community",
        "repo": "home-manager",
        "rev": "6a1f7101d2c3ee87d485a87880d73b4665c6a4bd",
        "type": "github"
      },
      "original": {
        "owner": "nix-community",
        "repo": "home-manager",
        "type": "github"
      }
    },
    "nixgl": {
      "inputs": {
        "flake-utils": "flake-utils",
        "nixpkgs": [
          "nixpkgs"
        ]
      },
      "locked": {
        "lastModified": 1762090880,
        "narHash": "sha256-fbRQzIGPkjZa83MowjbD2ALaJf9y6KMDdJBQMKFeY/8=",
        "owner": "nix-community",
        "repo": "nixGL",
        "rev": "b6105297e6f0cd041670c3e8628394d4ee247ed5",
        "type": "github"
      },
      "original": {
        "owner": "nix-community",
        "repo": "nixGL",
        "type": "github"
      }
    },
    "nixpkgs": {
      "locked": {
        "lastModified": 1770562336,
        "narHash": "sha256-ub1gpAONMFsT/GU2hV6ZWJjur8rJ6kKxdm9IlCT0j84=",
        "owner": "nixos",
        "repo": "nixpkgs",
        "rev": "d6c71932130818840fc8fe9509cf50be8c64634f",
        "type": "github"
      },
      "original": {
        "owner": "nixos",
        "ref": "nixos-unstable",
        "repo": "nixpkgs",
        "type": "github"
      }
    },
    "root": {
      "inputs": {
        "home-manager": "home-manager",
        "nixgl": "nixgl",
        "nixpkgs": "nixpkgs",
        "two-trucs": "two-trucs",
        "wit-nvim": "wit-nvim"
      }
    },
    "systems": {
      "locked": {
        "lastModified": 1681028828,
        "narHash": "sha256-Vy1rq5AaRuLzOxct8nz4T6wlgyUR7zLU309k9mBC768=",
        "owner": "nix-systems",
        "repo": "default",
        "rev": "da67096a3b9bf56a91d16901293e51ba5b49a27e",
        "type": "github"
      },
      "original": {
        "owner": "nix-systems",
        "repo": "default",
        "type": "github"
      }
    },
    "two-trucs": {
      "flake": false,
      "locked": {
        "lastModified": 1716792498,
        "narHash": "sha256-G8upfZ+hDPnK0KS+rbct7P7H0sc6aTfE4eWDS5tsLd4=",
        "owner": "elliottt",
        "repo": "two-trucs",
        "rev": "db049df3370b88401b065863609c3646f315d000",
        "type": "github"
      },
      "original": {
        "owner": "elliottt",
        "repo": "two-trucs",
        "type": "github"
      }
    },
    "wit-nvim": {
      "flake": false,
      "locked": {
        "lastModified": 1690568525,
        "narHash": "sha256-V9zN8c83TtiwrBDK2NoiEi8T3YPjwhc9zf+kTaDIHWY=",
        "owner": "elliottt",
        "repo": "wit.nvim",
        "rev": "87d5bb6ed50b5bc98167ed95309695b245ac0b7f",
        "type": "github"
      },
      "original": {
        "owner": "elliottt",
        "repo": "wit.nvim",
        "type": "github"
      }
    }
  },
  "root": "root",
  "version": 7
}
